// !$*UTF8*$!
{
	archiveVersion = 1;
	classes = {
	};
	objectVersion = 46;
	objects = {

/* Begin PBXBuildFile section */
		6483576F1C6ECC35003E80BC /* AppDelegate.swift in Sources */ = {isa = PBXBuildFile; fileRef = 6483576E1C6ECC35003E80BC /* AppDelegate.swift */; };
		648357731C6ECC35003E80BC /* GameScene.swift in Sources */ = {isa = PBXBuildFile; fileRef = 648357721C6ECC35003E80BC /* GameScene.swift */; };
		648357751C6ECC35003E80BC /* GameViewController.swift in Sources */ = {isa = PBXBuildFile; fileRef = 648357741C6ECC35003E80BC /* GameViewController.swift */; };
		648357781C6ECC35003E80BC /* Main.storyboard in Resources */ = {isa = PBXBuildFile; fileRef = 648357761C6ECC35003E80BC /* Main.storyboard */; };
		6483577A1C6ECC35003E80BC /* Assets.xcassets in Resources */ = {isa = PBXBuildFile; fileRef = 648357791C6ECC35003E80BC /* Assets.xcassets */; };
		6483577D1C6ECC35003E80BC /* LaunchScreen.storyboard in Resources */ = {isa = PBXBuildFile; fileRef = 6483577B1C6ECC35003E80BC /* LaunchScreen.storyboard */; };
/* End PBXBuildFile section */

/* Begin PBXFileReference section */
		6483576B1C6ECC35003E80BC /* Pop A Lock.app */ = {isa = PBXFileReference; explicitFileType = wrapper.application; includeInIndex = 0; path = "Pop A Lock.app"; sourceTree = BUILT_PRODUCTS_DIR; };
		6483576E1C6ECC35003E80BC /* AppDelegate.swift */ = {isa = PBXFileReference; lastKnownFileType = sourcecode.swift; path = AppDelegate.swift; sourceTree = "<group>"; };
		648357721C6ECC35003E80BC /* GameScene.swift */ = {isa = PBXFileReference; lastKnownFileType = sourcecode.swift; path = GameScene.swift; sourceTree = "<group>"; };
		648357741C6ECC35003E80BC /* GameViewController.swift */ = {isa = PBXFileReference; lastKnownFileType = sourcecode.swift; path = GameViewController.swift; sourceTree = "<group>"; };
		648357771C6ECC35003E80BC /* Base */ = {isa = PBXFileReference; lastKnownFileType = file.storyboard; name = Base; path = Base.lproj/Main.storyboard; sourceTree = "<group>"; };
		648357791C6ECC35003E80BC /* Assets.xcassets */ = {isa = PBXFileReference; lastKnownFileType = folder.assetcatalog; path = Assets.xcassets; sourceTree = "<group>"; };
		6483577C1C6ECC35003E80BC /* Base */ = {isa = PBXFileReference; lastKnownFileType = file.storyboard; name = Base; path = Base.lproj/LaunchScreen.storyboard; sourceTree = "<group>"; };
		6483577E1C6ECC35003E80BC /* Info.plist */ = {isa = PBXFileReference; lastKnownFileType = text.plist.xml; path = Info.plist; sourceTree = "<group>"; };
/* End PBXFileReference section */

/* Begin PBXFrameworksBuildPhase section */
		648357681C6ECC35003E80BC /* Frameworks */ = {
			isa = PBXFrameworksBuildPhase;
			buildActionMask = 2147483647;
			files = (
			);
			runOnlyForDeploymentPostprocessing = 0;
		};
/* End PBXFrameworksBuildPhase section */

/* Begin PBXGroup section */
		648357621C6ECC35003E80BC = {
			isa = PBXGroup;
			children = (
				6483576D1C6ECC35003E80BC /* Pop A Lock */,
				6483576C1C6ECC35003E80BC /* Products */,
			);
			sourceTree = "<group>";
		};
		6483576C1C6ECC35003E80BC /* Products */ = {
			isa = PBXGroup;
			children = (
				6483576B1C6ECC35003E80BC /* Pop A Lock.app */,
			);
			name = Products;
			sourceTree = "<group>";
		};
		6483576D1C6ECC35003E80BC /* Pop A Lock */ = {
			isa = PBXGroup;
			children = (
				6483576E1C6ECC35003E80BC /* AppDelegate.swift */,
				648357721C6ECC35003E80BC /* GameScene.swift */,
				648357741C6ECC35003E80BC /* GameViewController.swift */,
				648357761C6ECC35003E80BC /* Main.storyboard */,
				648357791C6ECC35003E80BC /* Assets.xcassets */,
				6483577B1C6ECC35003E80BC /* LaunchScreen.storyboard */,
				6483577E1C6ECC35003E80BC /* Info.plist */,
			);
			path = "Pop A Lock";
			sourceTree = "<group>";
		};
/* End PBXGroup section */

/* Begin PBXNativeTarget section */
		6483576A1C6ECC35003E80BC /* Pop A Lock */ = {
			isa = PBXNativeTarget;
			buildConfigurationList = 648357811C6ECC35003E80BC /* Build configuration list for PBXNativeTarget "Pop A Lock" */;
			buildPhases = (
				648357671C6ECC35003E80BC /* Sources */,
				648357681C6ECC35003E80BC /* Frameworks */,
				648357691C6ECC35003E80BC /* Resources */,
			);
			buildRules = (
			);
			dependencies = (
			);
			name = "Pop A Lock";
			productName = "Pop A Lock";
			productReference = 6483576B1C6ECC35003E80BC /* Pop A Lock.app */;
			productType = "com.apple.product-type.application";
		};
/* End PBXNativeTarget section */

/* Begin PBXProject section */
		648357631C6ECC35003E80BC /* Project object */ = {
			isa = PBXProject;
			attributes = {
				LastSwiftUpdateCheck = 0720;
				LastUpgradeCheck = 0720;
				ORGANIZATIONNAME = "Alex Lima Lopes Cancado";
				TargetAttributes = {
					6483576A1C6ECC35003E80BC = {
						CreatedOnToolsVersion = 7.2;
					};
				};
			};
			buildConfigurationList = 648357661C6ECC35003E80BC /* Build configuration list for PBXProject "Pop A Lock" */;
			compatibilityVersion = "Xcode 3.2";
			developmentRegion = English;
			hasScannedForEncodings = 0;
			knownRegions = (
				en,
				Base,
			);
			mainGroup = 648357621C6ECC35003E80BC;
			productRefGroup = 6483576C1C6ECC35003E80BC /* Products */;
			projectDirPath = "";
			projectRoot = "";
			targets = (
				6483576A1C6ECC35003E80BC /* Pop A Lock */,
			);
		};
/* End PBXProject section */

/* Begin PBXResourcesBuildPhase section */
		648357691C6ECC35003E80BC /* Resources */ = {
			isa = PBXResourcesBuildPhase;
			buildActionMask = 2147483647;
			files = (
				6483577D1C6ECC35003E80BC /* LaunchScreen.storyboard in Resources */,
				6483577A1C6ECC35003E80BC /* Assets.xcassets in Resources */,
				648357781C6ECC35003E80BC /* Main.storyboard in Resources */,
			);
			runOnlyForDeploymentPostprocessing = 0;
		};
/* End PBXResourcesBuildPhase section */

/* Begin PBXSourcesBuildPhase section */
		648357671C6ECC35003E80BC /* Sources */ = {
			isa = PBXSourcesBuildPhase;
			buildActionMask = 2147483647;
			files = (
				648357731C6ECC35003E80BC /* GameScene.swift in Sources */,
				648357751C6ECC35003E80BC /* GameViewController.swift in Sources */,
				6483576F1C6ECC35003E80BC /* AppDelegate.swift in Sources */,
			);
			runOnlyForDeploymentPostprocessing = 0;
		};
/* End PBXSourcesBuildPhase section */

/* Begin PBXVariantGroup section */
		648357761C6ECC35003E80BC /* Main.storyboard */ = {
			isa = PBXVariantGroup;
			children = (
				648357771C6ECC35003E80BC /* Base */,
			);
			name = Main.storyboard;
			sourceTree = "<group>";
		};
		6483577B1C6ECC35003E80BC /* LaunchScreen.storyboard */ = {
			isa = PBXVariantGroup;
			children = (
				6483577C1C6ECC35003E80BC /* Base */,
			);
			name = LaunchScreen.storyboard;
			sourceTree = "<group>";
		};
/* End PBXVariantGroup section */

/* Begin XCBuildConfiguration section */
		6483577F1C6ECC35003E80BC /* Debug */ = {
			isa = XCBuildConfiguration;
			buildSettings = {
				ALWAYS_SEARCH_USER_PATHS = NO;
				CLANG_CXX_LANGUAGE_STANDARD = "gnu++0x";
				CLANG_CXX_LIBRARY = "libc++";
				CLANG_ENABLE_MODULES = YES;
				CLANG_ENABLE_OBJC_ARC = YES;
				CLANG_WARN_BOOL_CONVERSION = YES;
				CLANG_WARN_CONSTANT_CONVERSION = YES;
				CLANG_WARN_DIRECT_OBJC_ISA_USAGE = YES_ERROR;
				CLANG_WARN_EMPTY_BODY = YES;
				CLANG_WARN_ENUM_CONVERSION = YES;
				CLANG_WARN_INT_CONVERSION = YES;
				CLANG_WARN_OBJC_ROOT_CLASS = YES_ERROR;
				CLANG_WARN_UNREACHABLE_CODE = YES;
				CLANG_WARN__DUPLICATE_METHOD_MATCH = YES;
				"CODE_SIGN_IDENTITY[sdk=iphoneos*]" = "iPhone Developer";
				COPY_PHASE_STRIP = NO;
				DEBUG_INFORMATION_FORMAT = "dwarf-with-dsym";
				ENABLE_STRICT_OBJC_MSGSEND = YES;
				ENABLE_TESTABILITY = YES;
				GCC_C_LANGUAGE_STANDARD = gnu99;
				GCC_DYNAMIC_NO_PIC = NO;
				GCC_NO_COMMON_BLOCKS = YES;
				GCC_OPTIMIZATION_LEVEL = 0;
				GCC_PREPROCESSOR_DEFINITIONS = (
					"DEBUG=1",
					"$(inherited)",
				);
				GCC_WARN_64_TO_32_BIT_CONVERSION = YES;
				GCC_WARN_ABOUT_RETURN_TYPE = YES_ERROR;
				GCC_WARN_UNDECLARED_SELECTOR = YES;
				GCC_WARN_UNINITIALIZED_AUTOS = YES_AGGRESSIVE;
				GCC_WARN_UNUSED_FUNCTION = YES;
				GCC_WARN_UNUSED_VARIABLE = YES;
				IPHONEOS_DEPLOYMENT_TARGET = 9.2;
				MTL_ENABLE_DEBUG_INFO = YES;
				ONLY_ACTIVE_ARCH = YES;
				SDKROOT = iphoneos;
				SWIFT_OPTIMIZATION_LEVEL = "-Onone";
				TARGETED_DEVICE_FAMILY = "1,2";
			};
			name = Debug;
		};
		648357801C6ECC35003E80BC /* Release */ = {
			isa = XCBuildConfiguration;
			buildSettings = {
				ALWAYS_SEARCH_USER_PATHS = NO;
				CLANG_CXX_LANGUAGE_STANDARD = "gnu++0x";
				CLANG_CXX_LIBRARY = "libc++";
				CLANG_ENABLE_MODULES = YES;
				CLANG_ENABLE_OBJC_ARC = YES;
				CLANG_WARN_BOOL_CONVERSION = YES;
				CLANG_WARN_CONSTANT_CONVERSION = YES;
				CLANG_WARN_DIRECT_OBJC_ISA_USAGE = YES_ERROR;
				CLANG_WARN_EMPTY_BODY = YES;
				CLANG_WARN_ENUM_CONVERSION = YES;
				CLANG_WARN_INT_CONVERSION = YES;
				CLANG_WARN_OBJC_ROOT_CLASS = YES_ERROR;
				CLANG_WARN_UNREACHABLE_CODE = YES;
				CLANG_WARN__DUPLICATE_METHOD_MATCH = YES;
				"CODE_SIGN_IDENTITY[sdk=iphoneos*]" = "iPhone Developer";
				COPY_PHASE_STRIP = NO;
				DEBUG_INFORMATION_FORMAT = "dwarf-with-dsym";
				ENABLE_NS_ASSERTIONS = NO;
				ENABLE_STRICT_OBJC_MSGSEND = YES;
				GCC_C_LANGUAGE_STANDARD = gnu99;
				GCC_NO_COMMON_BLOCKS = YES;
				GCC_WARN_64_TO_32_BIT_CONVERSION = YES;
				GCC_WARN_ABOUT_RETURN_TYPE = YES_ERROR;
				GCC_WARN_UNDECLARED_SELECTOR = YES;
				GCC_WARN_UNINITIALIZED_AUTOS = YES_AGGRESSIVE;
				GCC_WARN_UNUSED_FUNCTION = YES;
				GCC_WARN_UNUSED_VARIABLE = YES;
				IPHONEOS_DEPLOYMENT_TARGET = 9.2;
				MTL_ENABLE_DEBUG_INFO = NO;
				SDKROOT = iphoneos;
				TARGETED_DEVICE_FAMILY = "1,2";
				VALIDATE_PRODUCT = YES;
			};
			name = Release;
		};
		648357821C6ECC35003E80BC /* Debug */ = {
			isa = XCBuildConfiguration;
			buildSettings = {
				ASSETCATALOG_COMPILER_APPICON_NAME = AppIcon;
				INFOPLIST_FILE = "Pop A Lock/Info.plist";
				LD_RUNPATH_SEARCH_PATHS = "$(inherited) @executable_path/Frameworks";
				PRODUCT_BUNDLE_IDENTIFIER = "com.diygamedev.Pop-A-Lock";
				PRODUCT_NAME = "$(TARGET_NAME)";
			};
			name = Debug;
		};
		648357831C6ECC35003E80BC /* Release */ = {
			isa = XCBuildConfiguration;
			buildSettings = {
				ASSETCATALOG_COMPILER_APPICON_NAME = AppIcon;
				INFOPLIST_FILE = "Pop A Lock/Info.plist";
				LD_RUNPATH_SEARCH_PATHS = "$(inherited) @executable_path/Frameworks";
				PRODUCT_BUNDLE_IDENTIFIER = "com.diygamedev.Pop-A-Lock";
				PRODUCT_NAME = "$(TARGET_NAME)";
			};
			name = Release;
		};
/* End XCBuildConfiguration section */

/* Begin XCConfigurationList section */
		648357661C6ECC35003E80BC /* Build configuration list for PBXProject "Pop A Lock" */ = {
			isa = XCConfigurationList;
			buildConfigurations = (
				6483577F1C6ECC35003E80BC /* Debug */,
				648357801C6ECC35003E80BC /* Release */,
			);
			defaultConfigurationIsVisible = 0;
			defaultConfigurationName = Release;
		};
		648357811C6ECC35003E80BC /* Build configuration list for PBXNativeTarget "Pop A Lock" */ = {
			isa = XCConfigurationList;
			buildConfigurations = (
				648357821C6ECC35003E80BC /* Debug */,
				648357831C6ECC35003E80BC /* Release */,
			);
			defaultConfigurationIsVisible = 0;
		};
/* End XCConfigurationList section */
	};
	rootObject = 648357631C6ECC35003E80BC /* Project object */;
}
